{
  "object": {
    "pins": [
      {
        "package": "Kingfisher",
        "repositoryURL": "https://github.com/onevcat/Kingfisher.git",
        "state": {
          "branch": null,
          "revision": "d5e9aa41e5cc74a0f81801148e5ac1985d67b6ba",
          "version": "5.11.0"
        }
      },
      {
        "package": "RappleProgressHUD",
        "repositoryURL": "https://github.com/rjeprasad/RappleProgressHUD.git",
        "state": {
          "branch": null,
          "revision": "114d8ff6198086c9ab8f339bddcb76472df1b0a8",
          "version": "4.0.3"
        }
      }
    ]
  },
  "version": 1
}
