// !$*UTF8*$!
{
	archiveVersion = 1;
	classes = {
	};
	objectVersion = 50;
	objects = {

/* Begin PBXBuildFile section */
		678B131823A17FCB004C9304 /* AppDelegate.swift in Sources */ = {isa = PBXBuildFile; fileRef = 678B131723A17FCB004C9304 /* AppDelegate.swift */; };
		678B131A23A17FCB004C9304 /* SceneDelegate.swift in Sources */ = {isa = PBXBuildFile; fileRef = 678B131923A17FCB004C9304 /* SceneDelegate.swift */; };
		678B131F23A17FCB004C9304 /* Main.storyboard in Resources */ = {isa = PBXBuildFile; fileRef = 678B131D23A17FCB004C9304 /* Main.storyboard */; };
		678B132123A17FCC004C9304 /* Assets.xcassets in Resources */ = {isa = PBXBuildFile; fileRef = 678B132023A17FCC004C9304 /* Assets.xcassets */; };
		678B132423A17FCC004C9304 /* LaunchScreen.storyboard in Resources */ = {isa = PBXBuildFile; fileRef = 678B132223A17FCC004C9304 /* LaunchScreen.storyboard */; };
		678B132F23A17FCC004C9304 /* MoviesTests.swift in Sources */ = {isa = PBXBuildFile; fileRef = 678B132E23A17FCC004C9304 /* MoviesTests.swift */; };
		678B133A23A17FCD004C9304 /* MoviesUITests.swift in Sources */ = {isa = PBXBuildFile; fileRef = 678B133923A17FCD004C9304 /* MoviesUITests.swift */; };
		678B134D23A18405004C9304 /* Splash.storyboard in Resources */ = {isa = PBXBuildFile; fileRef = 678B134C23A18405004C9304 /* Splash.storyboard */; };
		678B135423A184C5004C9304 /* CoreDataManager.swift in Sources */ = {isa = PBXBuildFile; fileRef = 678B135223A184C5004C9304 /* CoreDataManager.swift */; };
		678B135523A184C5004C9304 /* WebServiceManager.swift in Sources */ = {isa = PBXBuildFile; fileRef = 678B135323A184C5004C9304 /* WebServiceManager.swift */; };
		678B135823A186BD004C9304 /* Movie.swift in Sources */ = {isa = PBXBuildFile; fileRef = 678B135723A186BD004C9304 /* Movie.swift */; };
/* End PBXBuildFile section */

/* Begin PBXContainerItemProxy section */
		678B132B23A17FCC004C9304 /* PBXContainerItemProxy */ = {
			isa = PBXContainerItemProxy;
			containerPortal = 678B130C23A17FCB004C9304 /* Project object */;
			proxyType = 1;
			remoteGlobalIDString = 678B131323A17FCB004C9304;
			remoteInfo = Movies;
		};
		678B133623A17FCD004C9304 /* PBXContainerItemProxy */ = {
			isa = PBXContainerItemProxy;
			containerPortal = 678B130C23A17FCB004C9304 /* Project object */;
			proxyType = 1;
			remoteGlobalIDString = 678B131323A17FCB004C9304;
			remoteInfo = Movies;
		};
/* End PBXContainerItemProxy section */

/* Begin PBXFileReference section */
		678B131423A17FCB004C9304 /* Movies.app */ = {isa = PBXFileReference; explicitFileType = wrapper.application; includeInIndex = 0; path = Movies.app; sourceTree = BUILT_PRODUCTS_DIR; };
		678B131723A17FCB004C9304 /* AppDelegate.swift */ = {isa = PBXFileReference; lastKnownFileType = sourcecode.swift; path = AppDelegate.swift; sourceTree = "<group>"; };
		678B131923A17FCB004C9304 /* SceneDelegate.swift */ = {isa = PBXFileReference; lastKnownFileType = sourcecode.swift; path = SceneDelegate.swift; sourceTree = "<group>"; };
		678B131E23A17FCB004C9304 /* Base */ = {isa = PBXFileReference; lastKnownFileType = file.storyboard; name = Base; path = Base.lproj/Main.storyboard; sourceTree = "<group>"; };
		678B132023A17FCC004C9304 /* Assets.xcassets */ = {isa = PBXFileReference; lastKnownFileType = folder.assetcatalog; path = Assets.xcassets; sourceTree = "<group>"; };
		678B132323A17FCC004C9304 /* Base */ = {isa = PBXFileReference; lastKnownFileType = file.storyboard; name = Base; path = Base.lproj/LaunchScreen.storyboard; sourceTree = "<group>"; };
		678B132523A17FCC004C9304 /* Info.plist */ = {isa = PBXFileReference; lastKnownFileType = text.plist.xml; path = Info.plist; sourceTree = "<group>"; };
		678B132A23A17FCC004C9304 /* MoviesTests.xctest */ = {isa = PBXFileReference; explicitFileType = wrapper.cfbundle; includeInIndex = 0; path = MoviesTests.xctest; sourceTree = BUILT_PRODUCTS_DIR; };
		678B132E23A17FCC004C9304 /* MoviesTests.swift */ = {isa = PBXFileReference; lastKnownFileType = sourcecode.swift; path = MoviesTests.swift; sourceTree = "<group>"; };
		678B133023A17FCC004C9304 /* Info.plist */ = {isa = PBXFileReference; lastKnownFileType = text.plist.xml; path = Info.plist; sourceTree = "<group>"; };
		678B133523A17FCD004C9304 /* MoviesUITests.xctest */ = {isa = PBXFileReference; explicitFileType = wrapper.cfbundle; includeInIndex = 0; path = MoviesUITests.xctest; sourceTree = BUILT_PRODUCTS_DIR; };
		678B133923A17FCD004C9304 /* MoviesUITests.swift */ = {isa = PBXFileReference; lastKnownFileType = sourcecode.swift; path = MoviesUITests.swift; sourceTree = "<group>"; };
		678B133B23A17FCD004C9304 /* Info.plist */ = {isa = PBXFileReference; lastKnownFileType = text.plist.xml; path = Info.plist; sourceTree = "<group>"; };
		678B134C23A18405004C9304 /* Splash.storyboard */ = {isa = PBXFileReference; lastKnownFileType = file.storyboard; path = Splash.storyboard; sourceTree = "<group>"; };
		678B135223A184C5004C9304 /* CoreDataManager.swift */ = {isa = PBXFileReference; fileEncoding = 4; lastKnownFileType = sourcecode.swift; path = CoreDataManager.swift; sourceTree = "<group>"; };
		678B135323A184C5004C9304 /* WebServiceManager.swift */ = {isa = PBXFileReference; fileEncoding = 4; lastKnownFileType = sourcecode.swift; path = WebServiceManager.swift; sourceTree = "<group>"; };
		678B135723A186BD004C9304 /* Movie.swift */ = {isa = PBXFileReference; lastKnownFileType = sourcecode.swift; path = Movie.swift; sourceTree = "<group>"; };
/* End PBXFileReference section */

/* Begin PBXFrameworksBuildPhase section */
		678B131123A17FCB004C9304 /* Frameworks */ = {
			isa = PBXFrameworksBuildPhase;
			buildActionMask = 2147483647;
			files = (
			);
			runOnlyForDeploymentPostprocessing = 0;
		};
		678B132723A17FCC004C9304 /* Frameworks */ = {
			isa = PBXFrameworksBuildPhase;
			buildActionMask = 2147483647;
			files = (
			);
			runOnlyForDeploymentPostprocessing = 0;
		};
		678B133223A17FCD004C9304 /* Frameworks */ = {
			isa = PBXFrameworksBuildPhase;
			buildActionMask = 2147483647;
			files = (
			);
			runOnlyForDeploymentPostprocessing = 0;
		};
/* End PBXFrameworksBuildPhase section */

/* Begin PBXGroup section */
		678B130B23A17FCB004C9304 = {
			isa = PBXGroup;
			children = (
				678B131623A17FCB004C9304 /* Movies */,
				678B132D23A17FCC004C9304 /* MoviesTests */,
				678B133823A17FCD004C9304 /* MoviesUITests */,
				678B131523A17FCB004C9304 /* Products */,
			);
			sourceTree = "<group>";
		};
		678B131523A17FCB004C9304 /* Products */ = {
			isa = PBXGroup;
			children = (
				678B131423A17FCB004C9304 /* Movies.app */,
				678B132A23A17FCC004C9304 /* MoviesTests.xctest */,
				678B133523A17FCD004C9304 /* MoviesUITests.xctest */,
			);
			name = Products;
			sourceTree = "<group>";
		};
		678B131623A17FCB004C9304 /* Movies */ = {
			isa = PBXGroup;
			children = (
				678B134723A182BC004C9304 /* Application */,
				678B134B23A182FB004C9304 /* Storyboards */,
				678B134A23A182F1004C9304 /* ViewControllers */,
				678B134923A182E7004C9304 /* Libraries */,
				678B134823A182D2004C9304 /* Resources */,
			);
			path = Movies;
			sourceTree = "<group>";
		};
		678B132D23A17FCC004C9304 /* MoviesTests */ = {
			isa = PBXGroup;
			children = (
				678B132E23A17FCC004C9304 /* MoviesTests.swift */,
				678B133023A17FCC004C9304 /* Info.plist */,
			);
			path = MoviesTests;
			sourceTree = "<group>";
		};
		678B133823A17FCD004C9304 /* MoviesUITests */ = {
			isa = PBXGroup;
			children = (
				678B133923A17FCD004C9304 /* MoviesUITests.swift */,
				678B133B23A17FCD004C9304 /* Info.plist */,
			);
			path = MoviesUITests;
			sourceTree = "<group>";
		};
		678B134723A182BC004C9304 /* Application */ = {
			isa = PBXGroup;
			children = (
				678B131723A17FCB004C9304 /* AppDelegate.swift */,
				678B131923A17FCB004C9304 /* SceneDelegate.swift */,
				678B132523A17FCC004C9304 /* Info.plist */,
			);
			path = Application;
			sourceTree = "<group>";
		};
		678B134823A182D2004C9304 /* Resources */ = {
			isa = PBXGroup;
			children = (
				678B132023A17FCC004C9304 /* Assets.xcassets */,
			);
			path = Resources;
			sourceTree = "<group>";
		};
		678B134923A182E7004C9304 /* Libraries */ = {
			isa = PBXGroup;
			children = (
				678B135123A1848A004C9304 /* Managers */,
				678B135623A186AE004C9304 /* Models */,
			);
			path = Libraries;
			sourceTree = "<group>";
		};
		678B134A23A182F1004C9304 /* ViewControllers */ = {
			isa = PBXGroup;
			children = (
				678B134E23A18454004C9304 /* Splash */,
				678B134F23A1845E004C9304 /* MoviesList */,
				678B135023A1846E004C9304 /* MovieDetails */,
			);
			path = ViewControllers;
			sourceTree = "<group>";
		};
		678B134B23A182FB004C9304 /* Storyboards */ = {
			isa = PBXGroup;
			children = (
				678B132223A17FCC004C9304 /* LaunchScreen.storyboard */,
				678B134C23A18405004C9304 /* Splash.storyboard */,
				678B131D23A17FCB004C9304 /* Main.storyboard */,
			);
			path = Storyboards;
			sourceTree = "<group>";
		};
		678B134E23A18454004C9304 /* Splash */ = {
			isa = PBXGroup;
			children = (
			);
			path = Splash;
			sourceTree = "<group>";
		};
		678B134F23A1845E004C9304 /* MoviesList */ = {
			isa = PBXGroup;
			children = (
			);
			path = MoviesList;
			sourceTree = "<group>";
		};
		678B135023A1846E004C9304 /* MovieDetails */ = {
			isa = PBXGroup;
			children = (
			);
			path = MovieDetails;
			sourceTree = "<group>";
		};
		678B135123A1848A004C9304 /* Managers */ = {
			isa = PBXGroup;
			children = (
				678B135223A184C5004C9304 /* CoreDataManager.swift */,
				678B135323A184C5004C9304 /* WebServiceManager.swift */,
			);
			path = Managers;
			sourceTree = "<group>";
		};
		678B135623A186AE004C9304 /* Models */ = {
			isa = PBXGroup;
			children = (
				678B135723A186BD004C9304 /* Movie.swift */,
			);
			path = Models;
			sourceTree = "<group>";
		};
/* End PBXGroup section */

/* Begin PBXNativeTarget section */
		678B131323A17FCB004C9304 /* Movies */ = {
			isa = PBXNativeTarget;
			buildConfigurationList = 678B133E23A17FCD004C9304 /* Build configuration list for PBXNativeTarget "Movies" */;
			buildPhases = (
				678B131023A17FCB004C9304 /* Sources */,
				678B131123A17FCB004C9304 /* Frameworks */,
				678B131223A17FCB004C9304 /* Resources */,
			);
			buildRules = (
			);
			dependencies = (
			);
			name = Movies;
			productName = Movies;
			productReference = 678B131423A17FCB004C9304 /* Movies.app */;
			productType = "com.apple.product-type.application";
		};
		678B132923A17FCC004C9304 /* MoviesTests */ = {
			isa = PBXNativeTarget;
			buildConfigurationList = 678B134123A17FCD004C9304 /* Build configuration list for PBXNativeTarget "MoviesTests" */;
			buildPhases = (
				678B132623A17FCC004C9304 /* Sources */,
				678B132723A17FCC004C9304 /* Frameworks */,
				678B132823A17FCC004C9304 /* Resources */,
			);
			buildRules = (
			);
			dependencies = (
				678B132C23A17FCC004C9304 /* PBXTargetDependency */,
			);
			name = MoviesTests;
			productName = MoviesTests;
			productReference = 678B132A23A17FCC004C9304 /* MoviesTests.xctest */;
			productType = "com.apple.product-type.bundle.unit-test";
		};
		678B133423A17FCD004C9304 /* MoviesUITests */ = {
			isa = PBXNativeTarget;
			buildConfigurationList = 678B134423A17FCD004C9304 /* Build configuration list for PBXNativeTarget "MoviesUITests" */;
			buildPhases = (
				678B133123A17FCD004C9304 /* Sources */,
				678B133223A17FCD004C9304 /* Frameworks */,
				678B133323A17FCD004C9304 /* Resources */,
			);
			buildRules = (
			);
			dependencies = (
				678B133723A17FCD004C9304 /* PBXTargetDependency */,
			);
			name = MoviesUITests;
			productName = MoviesUITests;
			productReference = 678B133523A17FCD004C9304 /* MoviesUITests.xctest */;
			productType = "com.apple.product-type.bundle.ui-testing";
		};
/* End PBXNativeTarget section */

/* Begin PBXProject section */
		678B130C23A17FCB004C9304 /* Project object */ = {
			isa = PBXProject;
			attributes = {
				LastSwiftUpdateCheck = 1100;
				LastUpgradeCheck = 1100;
				ORGANIZATIONNAME = "Sergey Krasiuk";
				TargetAttributes = {
					678B131323A17FCB004C9304 = {
						CreatedOnToolsVersion = 11.0;
					};
					678B132923A17FCC004C9304 = {
						CreatedOnToolsVersion = 11.0;
						TestTargetID = 678B131323A17FCB004C9304;
					};
					678B133423A17FCD004C9304 = {
						CreatedOnToolsVersion = 11.0;
						TestTargetID = 678B131323A17FCB004C9304;
					};
				};
			};
			buildConfigurationList = 678B130F23A17FCB004C9304 /* Build configuration list for PBXProject "Movies" */;
			compatibilityVersion = "Xcode 9.3";
			developmentRegion = en;
			hasScannedForEncodings = 0;
			knownRegions = (
				en,
				Base,
			);
			mainGroup = 678B130B23A17FCB004C9304;
			productRefGroup = 678B131523A17FCB004C9304 /* Products */;
			projectDirPath = "";
			projectRoot = "";
			targets = (
				678B131323A17FCB004C9304 /* Movies */,
				678B132923A17FCC004C9304 /* MoviesTests */,
				678B133423A17FCD004C9304 /* MoviesUITests */,
			);
		};
/* End PBXProject section */

/* Begin PBXResourcesBuildPhase section */
		678B131223A17FCB004C9304 /* Resources */ = {
			isa = PBXResourcesBuildPhase;
			buildActionMask = 2147483647;
			files = (
				678B132423A17FCC004C9304 /* LaunchScreen.storyboard in Resources */,
				678B132123A17FCC004C9304 /* Assets.xcassets in Resources */,
				678B131F23A17FCB004C9304 /* Main.storyboard in Resources */,
				678B134D23A18405004C9304 /* Splash.storyboard in Resources */,
			);
			runOnlyForDeploymentPostprocessing = 0;
		};
		678B132823A17FCC004C9304 /* Resources */ = {
			isa = PBXResourcesBuildPhase;
			buildActionMask = 2147483647;
			files = (
			);
			runOnlyForDeploymentPostprocessing = 0;
		};
		678B133323A17FCD004C9304 /* Resources */ = {
			isa = PBXResourcesBuildPhase;
			buildActionMask = 2147483647;
			files = (
			);
			runOnlyForDeploymentPostprocessing = 0;
		};
/* End PBXResourcesBuildPhase section */

/* Begin PBXSourcesBuildPhase section */
		678B131023A17FCB004C9304 /* Sources */ = {
			isa = PBXSourcesBuildPhase;
			buildActionMask = 2147483647;
			files = (
				678B135523A184C5004C9304 /* WebServiceManager.swift in Sources */,
				678B135423A184C5004C9304 /* CoreDataManager.swift in Sources */,
				678B131823A17FCB004C9304 /* AppDelegate.swift in Sources */,
				678B131A23A17FCB004C9304 /* SceneDelegate.swift in Sources */,
				678B135823A186BD004C9304 /* Movie.swift in Sources */,
			);
			runOnlyForDeploymentPostprocessing = 0;
		};
		678B132623A17FCC004C9304 /* Sources */ = {
			isa = PBXSourcesBuildPhase;
			buildActionMask = 2147483647;
			files = (
				678B132F23A17FCC004C9304 /* MoviesTests.swift in Sources */,
			);
			runOnlyForDeploymentPostprocessing = 0;
		};
		678B133123A17FCD004C9304 /* Sources */ = {
			isa = PBXSourcesBuildPhase;
			buildActionMask = 2147483647;
			files = (
				678B133A23A17FCD004C9304 /* MoviesUITests.swift in Sources */,
			);
			runOnlyForDeploymentPostprocessing = 0;
		};
/* End PBXSourcesBuildPhase section */

/* Begin PBXTargetDependency section */
		678B132C23A17FCC004C9304 /* PBXTargetDependency */ = {
			isa = PBXTargetDependency;
			target = 678B131323A17FCB004C9304 /* Movies */;
			targetProxy = 678B132B23A17FCC004C9304 /* PBXContainerItemProxy */;
		};
		678B133723A17FCD004C9304 /* PBXTargetDependency */ = {
			isa = PBXTargetDependency;
			target = 678B131323A17FCB004C9304 /* Movies */;
			targetProxy = 678B133623A17FCD004C9304 /* PBXContainerItemProxy */;
		};
/* End PBXTargetDependency section */

/* Begin PBXVariantGroup section */
		678B131D23A17FCB004C9304 /* Main.storyboard */ = {
			isa = PBXVariantGroup;
			children = (
				678B131E23A17FCB004C9304 /* Base */,
			);
			name = Main.storyboard;
			sourceTree = "<group>";
		};
		678B132223A17FCC004C9304 /* LaunchScreen.storyboard */ = {
			isa = PBXVariantGroup;
			children = (
				678B132323A17FCC004C9304 /* Base */,
			);
			name = LaunchScreen.storyboard;
			sourceTree = "<group>";
		};
/* End PBXVariantGroup section */

/* Begin XCBuildConfiguration section */
		678B133C23A17FCD004C9304 /* Debug */ = {
			isa = XCBuildConfiguration;
			buildSettings = {
				ALWAYS_SEARCH_USER_PATHS = NO;
				CLANG_ANALYZER_NONNULL = YES;
				CLANG_ANALYZER_NUMBER_OBJECT_CONVERSION = YES_AGGRESSIVE;
				CLANG_CXX_LANGUAGE_STANDARD = "gnu++14";
				CLANG_CXX_LIBRARY = "libc++";
				CLANG_ENABLE_MODULES = YES;
				CLANG_ENABLE_OBJC_ARC = YES;
				CLANG_ENABLE_OBJC_WEAK = YES;
				CLANG_WARN_BLOCK_CAPTURE_AUTORELEASING = YES;
				CLANG_WARN_BOOL_CONVERSION = YES;
				CLANG_WARN_COMMA = YES;
				CLANG_WARN_CONSTANT_CONVERSION = YES;
				CLANG_WARN_DEPRECATED_OBJC_IMPLEMENTATIONS = YES;
				CLANG_WARN_DIRECT_OBJC_ISA_USAGE = YES_ERROR;
				CLANG_WARN_DOCUMENTATION_COMMENTS = YES;
				CLANG_WARN_EMPTY_BODY = YES;
				CLANG_WARN_ENUM_CONVERSION = YES;
				CLANG_WARN_INFINITE_RECURSION = YES;
				CLANG_WARN_INT_CONVERSION = YES;
				CLANG_WARN_NON_LITERAL_NULL_CONVERSION = YES;
				CLANG_WARN_OBJC_IMPLICIT_RETAIN_SELF = YES;
				CLANG_WARN_OBJC_LITERAL_CONVERSION = YES;
				CLANG_WARN_OBJC_ROOT_CLASS = YES_ERROR;
				CLANG_WARN_RANGE_LOOP_ANALYSIS = YES;
				CLANG_WARN_STRICT_PROTOTYPES = YES;
				CLANG_WARN_SUSPICIOUS_MOVE = YES;
				CLANG_WARN_UNGUARDED_AVAILABILITY = YES_AGGRESSIVE;
				CLANG_WARN_UNREACHABLE_CODE = YES;
				CLANG_WARN__DUPLICATE_METHOD_MATCH = YES;
				COPY_PHASE_STRIP = NO;
				DEBUG_INFORMATION_FORMAT = dwarf;
				ENABLE_STRICT_OBJC_MSGSEND = YES;
				ENABLE_TESTABILITY = YES;
				GCC_C_LANGUAGE_STANDARD = gnu11;
				GCC_DYNAMIC_NO_PIC = NO;
				GCC_NO_COMMON_BLOCKS = YES;
				GCC_OPTIMIZATION_LEVEL = 0;
				GCC_PREPROCESSOR_DEFINITIONS = (
					"DEBUG=1",
					"$(inherited)",
				);
				GCC_WARN_64_TO_32_BIT_CONVERSION = YES;
				GCC_WARN_ABOUT_RETURN_TYPE = YES_ERROR;
				GCC_WARN_UNDECLARED_SELECTOR = YES;
				GCC_WARN_UNINITIALIZED_AUTOS = YES_AGGRESSIVE;
				GCC_WARN_UNUSED_FUNCTION = YES;
				GCC_WARN_UNUSED_VARIABLE = YES;
				IPHONEOS_DEPLOYMENT_TARGET = 13.0;
				MTL_ENABLE_DEBUG_INFO = INCLUDE_SOURCE;
				MTL_FAST_MATH = YES;
				ONLY_ACTIVE_ARCH = YES;
				SDKROOT = iphoneos;
				SWIFT_ACTIVE_COMPILATION_CONDITIONS = DEBUG;
				SWIFT_OPTIMIZATION_LEVEL = "-Onone";
			};
			name = Debug;
		};
		678B133D23A17FCD004C9304 /* Release */ = {
			isa = XCBuildConfiguration;
			buildSettings = {
				ALWAYS_SEARCH_USER_PATHS = NO;
				CLANG_ANALYZER_NONNULL = YES;
				CLANG_ANALYZER_NUMBER_OBJECT_CONVERSION = YES_AGGRESSIVE;
				CLANG_CXX_LANGUAGE_STANDARD = "gnu++14";
				CLANG_CXX_LIBRARY = "libc++";
				CLANG_ENABLE_MODULES = YES;
				CLANG_ENABLE_OBJC_ARC = YES;
				CLANG_ENABLE_OBJC_WEAK = YES;
				CLANG_WARN_BLOCK_CAPTURE_AUTORELEASING = YES;
				CLANG_WARN_BOOL_CONVERSION = YES;
				CLANG_WARN_COMMA = YES;
				CLANG_WARN_CONSTANT_CONVERSION = YES;
				CLANG_WARN_DEPRECATED_OBJC_IMPLEMENTATIONS = YES;
				CLANG_WARN_DIRECT_OBJC_ISA_USAGE = YES_ERROR;
				CLANG_WARN_DOCUMENTATION_COMMENTS = YES;
				CLANG_WARN_EMPTY_BODY = YES;
				CLANG_WARN_ENUM_CONVERSION = YES;
				CLANG_WARN_INFINITE_RECURSION = YES;
				CLANG_WARN_INT_CONVERSION = YES;
				CLANG_WARN_NON_LITERAL_NULL_CONVERSION = YES;
				CLANG_WARN_OBJC_IMPLICIT_RETAIN_SELF = YES;
				CLANG_WARN_OBJC_LITERAL_CONVERSION = YES;
				CLANG_WARN_OBJC_ROOT_CLASS = YES_ERROR;
				CLANG_WARN_RANGE_LOOP_ANALYSIS = YES;
				CLANG_WARN_STRICT_PROTOTYPES = YES;
				CLANG_WARN_SUSPICIOUS_MOVE = YES;
				CLANG_WARN_UNGUARDED_AVAILABILITY = YES_AGGRESSIVE;
				CLANG_WARN_UNREACHABLE_CODE = YES;
				CLANG_WARN__DUPLICATE_METHOD_MATCH = YES;
				COPY_PHASE_STRIP = NO;
				DEBUG_INFORMATION_FORMAT = "dwarf-with-dsym";
				ENABLE_NS_ASSERTIONS = NO;
				ENABLE_STRICT_OBJC_MSGSEND = YES;
				GCC_C_LANGUAGE_STANDARD = gnu11;
				GCC_NO_COMMON_BLOCKS = YES;
				GCC_WARN_64_TO_32_BIT_CONVERSION = YES;
				GCC_WARN_ABOUT_RETURN_TYPE = YES_ERROR;
				GCC_WARN_UNDECLARED_SELECTOR = YES;
				GCC_WARN_UNINITIALIZED_AUTOS = YES_AGGRESSIVE;
				GCC_WARN_UNUSED_FUNCTION = YES;
				GCC_WARN_UNUSED_VARIABLE = YES;
				IPHONEOS_DEPLOYMENT_TARGET = 13.0;
				MTL_ENABLE_DEBUG_INFO = NO;
				MTL_FAST_MATH = YES;
				SDKROOT = iphoneos;
				SWIFT_COMPILATION_MODE = wholemodule;
				SWIFT_OPTIMIZATION_LEVEL = "-O";
				VALIDATE_PRODUCT = YES;
			};
			name = Release;
		};
		678B133F23A17FCD004C9304 /* Debug */ = {
			isa = XCBuildConfiguration;
			buildSettings = {
				ASSETCATALOG_COMPILER_APPICON_NAME = AppIcon;
				CODE_SIGN_STYLE = Automatic;
				DEVELOPMENT_TEAM = 2K3J9PFDL3;
				INFOPLIST_FILE = Movies/Application/Info.plist;
				LD_RUNPATH_SEARCH_PATHS = (
					"$(inherited)",
					"@executable_path/Frameworks",
				);
				PRODUCT_BUNDLE_IDENTIFIER = KRASIUK.Movies;
				PRODUCT_NAME = "$(TARGET_NAME)";
				SWIFT_VERSION = 5.0;
				TARGETED_DEVICE_FAMILY = 1;
			};
			name = Debug;
		};
		678B134023A17FCD004C9304 /* Release */ = {
			isa = XCBuildConfiguration;
			buildSettings = {
				ASSETCATALOG_COMPILER_APPICON_NAME = AppIcon;
				CODE_SIGN_STYLE = Automatic;
				DEVELOPMENT_TEAM = 2K3J9PFDL3;
				INFOPLIST_FILE = Movies/Application/Info.plist;
				LD_RUNPATH_SEARCH_PATHS = (
					"$(inherited)",
					"@executable_path/Frameworks",
				);
				PRODUCT_BUNDLE_IDENTIFIER = KRASIUK.Movies;
				PRODUCT_NAME = "$(TARGET_NAME)";
				SWIFT_VERSION = 5.0;
				TARGETED_DEVICE_FAMILY = 1;
			};
			name = Release;
		};
		678B134223A17FCD004C9304 /* Debug */ = {
			isa = XCBuildConfiguration;
			buildSettings = {
				ALWAYS_EMBED_SWIFT_STANDARD_LIBRARIES = YES;
				BUNDLE_LOADER = "$(TEST_HOST)";
				CODE_SIGN_STYLE = Automatic;
				DEVELOPMENT_TEAM = 2K3J9PFDL3;
				INFOPLIST_FILE = MoviesTests/Info.plist;
				IPHONEOS_DEPLOYMENT_TARGET = 13.0;
				LD_RUNPATH_SEARCH_PATHS = (
					"$(inherited)",
					"@executable_path/Frameworks",
					"@loader_path/Frameworks",
				);
				PRODUCT_BUNDLE_IDENTIFIER = KRASIUK.MoviesTests;
				PRODUCT_NAME = "$(TARGET_NAME)";
				SWIFT_VERSION = 5.0;
				TARGETED_DEVICE_FAMILY = "1,2";
				TEST_HOST = "$(BUILT_PRODUCTS_DIR)/Movies.app/Movies";
			};
			name = Debug;
		};
		678B134323A17FCD004C9304 /* Release */ = {
			isa = XCBuildConfiguration;
			buildSettings = {
				ALWAYS_EMBED_SWIFT_STANDARD_LIBRARIES = YES;
				BUNDLE_LOADER = "$(TEST_HOST)";
				CODE_SIGN_STYLE = Automatic;
				DEVELOPMENT_TEAM = 2K3J9PFDL3;
				INFOPLIST_FILE = MoviesTests/Info.plist;
				IPHONEOS_DEPLOYMENT_TARGET = 13.0;
				LD_RUNPATH_SEARCH_PATHS = (
					"$(inherited)",
					"@executable_path/Frameworks",
					"@loader_path/Frameworks",
				);
				PRODUCT_BUNDLE_IDENTIFIER = KRASIUK.MoviesTests;
				PRODUCT_NAME = "$(TARGET_NAME)";
				SWIFT_VERSION = 5.0;
				TARGETED_DEVICE_FAMILY = "1,2";
				TEST_HOST = "$(BUILT_PRODUCTS_DIR)/Movies.app/Movies";
			};
			name = Release;
		};
		678B134523A17FCD004C9304 /* Debug */ = {
			isa = XCBuildConfiguration;
			buildSettings = {
				ALWAYS_EMBED_SWIFT_STANDARD_LIBRARIES = YES;
				CODE_SIGN_STYLE = Automatic;
				DEVELOPMENT_TEAM = 2K3J9PFDL3;
				INFOPLIST_FILE = MoviesUITests/Info.plist;
				LD_RUNPATH_SEARCH_PATHS = (
					"$(inherited)",
					"@executable_path/Frameworks",
					"@loader_path/Frameworks",
				);
				PRODUCT_BUNDLE_IDENTIFIER = KRASIUK.MoviesUITests;
				PRODUCT_NAME = "$(TARGET_NAME)";
				SWIFT_VERSION = 5.0;
				TARGETED_DEVICE_FAMILY = "1,2";
				TEST_TARGET_NAME = Movies;
			};
			name = Debug;
		};
		678B134623A17FCD004C9304 /* Release */ = {
			isa = XCBuildConfiguration;
			buildSettings = {
				ALWAYS_EMBED_SWIFT_STANDARD_LIBRARIES = YES;
				CODE_SIGN_STYLE = Automatic;
				DEVELOPMENT_TEAM = 2K3J9PFDL3;
				INFOPLIST_FILE = MoviesUITests/Info.plist;
				LD_RUNPATH_SEARCH_PATHS = (
					"$(inherited)",
					"@executable_path/Frameworks",
					"@loader_path/Frameworks",
				);
				PRODUCT_BUNDLE_IDENTIFIER = KRASIUK.MoviesUITests;
				PRODUCT_NAME = "$(TARGET_NAME)";
				SWIFT_VERSION = 5.0;
				TARGETED_DEVICE_FAMILY = "1,2";
				TEST_TARGET_NAME = Movies;
			};
			name = Release;
		};
/* End XCBuildConfiguration section */

/* Begin XCConfigurationList section */
		678B130F23A17FCB004C9304 /* Build configuration list for PBXProject "Movies" */ = {
			isa = XCConfigurationList;
			buildConfigurations = (
				678B133C23A17FCD004C9304 /* Debug */,
				678B133D23A17FCD004C9304 /* Release */,
			);
			defaultConfigurationIsVisible = 0;
			defaultConfigurationName = Release;
		};
		678B133E23A17FCD004C9304 /* Build configuration list for PBXNativeTarget "Movies" */ = {
			isa = XCConfigurationList;
			buildConfigurations = (
				678B133F23A17FCD004C9304 /* Debug */,
				678B134023A17FCD004C9304 /* Release */,
			);
			defaultConfigurationIsVisible = 0;
			defaultConfigurationName = Release;
		};
		678B134123A17FCD004C9304 /* Build configuration list for PBXNativeTarget "MoviesTests" */ = {
			isa = XCConfigurationList;
			buildConfigurations = (
				678B134223A17FCD004C9304 /* Debug */,
				678B134323A17FCD004C9304 /* Release */,
			);
			defaultConfigurationIsVisible = 0;
			defaultConfigurationName = Release;
		};
		678B134423A17FCD004C9304 /* Build configuration list for PBXNativeTarget "MoviesUITests" */ = {
			isa = XCConfigurationList;
			buildConfigurations = (
				678B134523A17FCD004C9304 /* Debug */,
				678B134623A17FCD004C9304 /* Release */,
			);
			defaultConfigurationIsVisible = 0;
			defaultConfigurationName = Release;
		};
/* End XCConfigurationList section */
	};
	rootObject = 678B130C23A17FCB004C9304 /* Project object */;
}
